
Microsoft Visual Studio Solution File, Format Version 12.00
# Visual Studio Version 16
VisualStudioVersion = 16.0.30114.105
MinimumVisualStudioVersion = 10.0.40219.1
Project("{FAE04EC0-301F-11D3-BF4B-00C04F79EFBC}") = "trt", "trt\trt.csproj", "{F2A02454-5F2E-4E92-991C-E01C412ED307}"
EndProject
Global
	GlobalSection(SolutionConfigurationPlatforms) = preSolution
		Debug|Any CPU = Debug|Any CPU
		Debug|x64 = Debug|x64
		Debug|x86 = Debug|x86
		Release|Any CPU = Release|Any CPU
		Release|x64 = Release|x64
		Release|x86 = Release|x86
	EndGlobalSection
	GlobalSection(SolutionProperties) = preSolution
		HideSolutionNode = FALSE
	EndGlobalSection
	GlobalSection(ProjectConfigurationPlatforms) = postSolution
		{F2A02454-5F2E-4E92-991C-E01C412ED307}.Debug|Any CPU.ActiveCfg = Debug|Any CPU
		{F2A02454-5F2E-4E92-991C-E01C412ED307}.Debug|Any CPU.Build.0 = Debug|Any CPU
		{F2A02454-5F2E-4E92-991C-E01C412ED307}.Debug|x64.ActiveCfg = Debug|Any CPU
		{F2A02454-5F2E-4E92-991C-E01C412ED307}.Debug|x64.Build.0 = Debug|Any CPU
		{F2A02454-5F2E-4E92-991C-E01C412ED307}.Debug|x86.ActiveCfg = Debug|Any CPU
		{F2A02454-5F2E-4E92-991C-E01C412ED307}.Debug|x86.Build.0 = Debug|Any CPU
		{F2A02454-5F2E-4E92-991C-E01C412ED307}.Release|Any CPU.ActiveCfg = Release|Any CPU
		{F2A02454-5F2E-4E92-991C-E01C412ED307}.Release|Any CPU.Build.0 = Release|Any CPU
		{F2A02454-5F2E-4E92-991C-E01C412ED307}.Release|x64.ActiveCfg = Release|Any CPU
		{F2A02454-5F2E-4E92-991C-E01C412ED307}.Release|x64.Build.0 = Release|Any CPU
		{F2A02454-5F2E-4E92-991C-E01C412ED307}.Release|x86.ActiveCfg = Release|Any CPU
		{F2A02454-5F2E-4E92-991C-E01C412ED307}.Release|x86.Build.0 = Release|Any CPU
	EndGlobalSection
EndGlobal
