
Microsoft Visual Studio Solution File, Format Version 12.00
# Visual Studio Version 16
VisualStudioVersion = 16.6.30114.105
MinimumVisualStudioVersion = 10.0.40219.1
Project("{FAE04EC0-301F-11D3-BF4B-00C04F79EFBC}") = "AppWithPlugin", "AppWithPlugin\AppWithPlugin.csproj", "{81F9045F-D443-417C-9D73-63816812174D}"
EndProject
Project("{FAE04EC0-301F-11D3-BF4B-00C04F79EFBC}") = "PluginBase", "PluginBase\PluginBase.csproj", "{2F01978C-52DF-4052-BE15-2367FC284126}"
EndProject
Project("{FAE04EC0-301F-11D3-BF4B-00C04F79EFBC}") = "HelloPlugin", "HelloPlugin\HelloPlugin.csproj", "{C3BE552B-48A9-4F20-9BB9-10C6BBF2A118}"
EndProject
Project("{FAE04EC0-301F-11D3-BF4B-00C04F79EFBC}") = "OldJsonPlugin", "OldJsonPlugin\OldJsonPlugin.csproj", "{D188E751-1AC9-4FB4-9C98-986558F8B224}"
EndProject
Project("{FAE04EC0-301F-11D3-BF4B-00C04F79EFBC}") = "JsonPlugin", "JsonPlugin\JsonPlugin.csproj", "{8EE224F5-9EB0-490A-9DEF-425EDC663B00}"
EndProject
Global
	GlobalSection(SolutionConfigurationPlatforms) = preSolution
		Debug|Any CPU = Debug|Any CPU
		Debug|x64 = Debug|x64
		Debug|x86 = Debug|x86
		Release|Any CPU = Release|Any CPU
		Release|x64 = Release|x64
		Release|x86 = Release|x86
	EndGlobalSection
	GlobalSection(SolutionProperties) = preSolution
		HideSolutionNode = FALSE
	EndGlobalSection
	GlobalSection(ProjectConfigurationPlatforms) = postSolution
		{81F9045F-D443-417C-9D73-63816812174D}.Debug|Any CPU.ActiveCfg = Debug|Any CPU
		{81F9045F-D443-417C-9D73-63816812174D}.Debug|Any CPU.Build.0 = Debug|Any CPU
		{81F9045F-D443-417C-9D73-63816812174D}.Debug|x64.ActiveCfg = Debug|Any CPU
		{81F9045F-D443-417C-9D73-63816812174D}.Debug|x64.Build.0 = Debug|Any CPU
		{81F9045F-D443-417C-9D73-63816812174D}.Debug|x86.ActiveCfg = Debug|Any CPU
		{81F9045F-D443-417C-9D73-63816812174D}.Debug|x86.Build.0 = Debug|Any CPU
		{81F9045F-D443-417C-9D73-63816812174D}.Release|Any CPU.ActiveCfg = Release|Any CPU
		{81F9045F-D443-417C-9D73-63816812174D}.Release|Any CPU.Build.0 = Release|Any CPU
		{81F9045F-D443-417C-9D73-63816812174D}.Release|x64.ActiveCfg = Release|Any CPU
		{81F9045F-D443-417C-9D73-63816812174D}.Release|x64.Build.0 = Release|Any CPU
		{81F9045F-D443-417C-9D73-63816812174D}.Release|x86.ActiveCfg = Release|Any CPU
		{81F9045F-D443-417C-9D73-63816812174D}.Release|x86.Build.0 = Release|Any CPU
		{2F01978C-52DF-4052-BE15-2367FC284126}.Debug|Any CPU.ActiveCfg = Debug|Any CPU
		{2F01978C-52DF-4052-BE15-2367FC284126}.Debug|Any CPU.Build.0 = Debug|Any CPU
		{2F01978C-52DF-4052-BE15-2367FC284126}.Debug|x64.ActiveCfg = Debug|Any CPU
		{2F01978C-52DF-4052-BE15-2367FC284126}.Debug|x64.Build.0 = Debug|Any CPU
		{2F01978C-52DF-4052-BE15-2367FC284126}.Debug|x86.ActiveCfg = Debug|Any CPU
		{2F01978C-52DF-4052-BE15-2367FC284126}.Debug|x86.Build.0 = Debug|Any CPU
		{2F01978C-52DF-4052-BE15-2367FC284126}.Release|Any CPU.ActiveCfg = Release|Any CPU
		{2F01978C-52DF-4052-BE15-2367FC284126}.Release|Any CPU.Build.0 = Release|Any CPU
		{2F01978C-52DF-4052-BE15-2367FC284126}.Release|x64.ActiveCfg = Release|Any CPU
		{2F01978C-52DF-4052-BE15-2367FC284126}.Release|x64.Build.0 = Release|Any CPU
		{2F01978C-52DF-4052-BE15-2367FC284126}.Release|x86.ActiveCfg = Release|Any CPU
		{2F01978C-52DF-4052-BE15-2367FC284126}.Release|x86.Build.0 = Release|Any CPU
		{C3BE552B-48A9-4F20-9BB9-10C6BBF2A118}.Debug|Any CPU.ActiveCfg = Debug|Any CPU
		{C3BE552B-48A9-4F20-9BB9-10C6BBF2A118}.Debug|Any CPU.Build.0 = Debug|Any CPU
		{C3BE552B-48A9-4F20-9BB9-10C6BBF2A118}.Debug|x64.ActiveCfg = Debug|Any CPU
		{C3BE552B-48A9-4F20-9BB9-10C6BBF2A118}.Debug|x64.Build.0 = Debug|Any CPU
		{C3BE552B-48A9-4F20-9BB9-10C6BBF2A118}.Debug|x86.ActiveCfg = Debug|Any CPU
		{C3BE552B-48A9-4F20-9BB9-10C6BBF2A118}.Debug|x86.Build.0 = Debug|Any CPU
		{C3BE552B-48A9-4F20-9BB9-10C6BBF2A118}.Release|Any CPU.ActiveCfg = Release|Any CPU
		{C3BE552B-48A9-4F20-9BB9-10C6BBF2A118}.Release|Any CPU.Build.0 = Release|Any CPU
		{C3BE552B-48A9-4F20-9BB9-10C6BBF2A118}.Release|x64.ActiveCfg = Release|Any CPU
		{C3BE552B-48A9-4F20-9BB9-10C6BBF2A118}.Release|x64.Build.0 = Release|Any CPU
		{C3BE552B-48A9-4F20-9BB9-10C6BBF2A118}.Release|x86.ActiveCfg = Release|Any CPU
		{C3BE552B-48A9-4F20-9BB9-10C6BBF2A118}.Release|x86.Build.0 = Release|Any CPU
		{D188E751-1AC9-4FB4-9C98-986558F8B224}.Debug|Any CPU.ActiveCfg = Debug|Any CPU
		{D188E751-1AC9-4FB4-9C98-986558F8B224}.Debug|Any CPU.Build.0 = Debug|Any CPU
		{D188E751-1AC9-4FB4-9C98-986558F8B224}.Debug|x64.ActiveCfg = Debug|Any CPU
		{D188E751-1AC9-4FB4-9C98-986558F8B224}.Debug|x64.Build.0 = Debug|Any CPU
		{D188E751-1AC9-4FB4-9C98-986558F8B224}.Debug|x86.ActiveCfg = Debug|Any CPU
		{D188E751-1AC9-4FB4-9C98-986558F8B224}.Debug|x86.Build.0 = Debug|Any CPU
		{D188E751-1AC9-4FB4-9C98-986558F8B224}.Release|Any CPU.ActiveCfg = Release|Any CPU
		{D188E751-1AC9-4FB4-9C98-986558F8B224}.Release|Any CPU.Build.0 = Release|Any CPU
		{D188E751-1AC9-4FB4-9C98-986558F8B224}.Release|x64.ActiveCfg = Release|Any CPU
		{D188E751-1AC9-4FB4-9C98-986558F8B224}.Release|x64.Build.0 = Release|Any CPU
		{D188E751-1AC9-4FB4-9C98-986558F8B224}.Release|x86.ActiveCfg = Release|Any CPU
		{D188E751-1AC9-4FB4-9C98-986558F8B224}.Release|x86.Build.0 = Release|Any CPU
		{8EE224F5-9EB0-490A-9DEF-425EDC663B00}.Debug|Any CPU.ActiveCfg = Debug|Any CPU
		{8EE224F5-9EB0-490A-9DEF-425EDC663B00}.Debug|Any CPU.Build.0 = Debug|Any CPU
		{8EE224F5-9EB0-490A-9DEF-425EDC663B00}.Debug|x64.ActiveCfg = Debug|Any CPU
		{8EE224F5-9EB0-490A-9DEF-425EDC663B00}.Debug|x64.Build.0 = Debug|Any CPU
		{8EE224F5-9EB0-490A-9DEF-425EDC663B00}.Debug|x86.ActiveCfg = Debug|Any CPU
		{8EE224F5-9EB0-490A-9DEF-425EDC663B00}.Debug|x86.Build.0 = Debug|Any CPU
		{8EE224F5-9EB0-490A-9DEF-425EDC663B00}.Release|Any CPU.ActiveCfg = Release|Any CPU
		{8EE224F5-9EB0-490A-9DEF-425EDC663B00}.Release|Any CPU.Build.0 = Release|Any CPU
		{8EE224F5-9EB0-490A-9DEF-425EDC663B00}.Release|x64.ActiveCfg = Release|Any CPU
		{8EE224F5-9EB0-490A-9DEF-425EDC663B00}.Release|x64.Build.0 = Release|Any CPU
		{8EE224F5-9EB0-490A-9DEF-425EDC663B00}.Release|x86.ActiveCfg = Release|Any CPU
		{8EE224F5-9EB0-490A-9DEF-425EDC663B00}.Release|x86.Build.0 = Release|Any CPU
	EndGlobalSection
EndGlobal
