
Microsoft Visual Studio Solution File, Format Version 12.00
# Visual Studio Version 16
VisualStudioVersion = 16.0.30114.105
MinimumVisualStudioVersion = 10.0.40219.1
Project("{FAE04EC0-301F-11D3-BF4B-00C04F79EFBC}") = "trtWithPlugin", "trtWithPlugin\trtWithPlugin.csproj", "{8A77AE55-EE64-466D-8EB4-7678335B3E8F}"
EndProject
Project("{FAE04EC0-301F-11D3-BF4B-00C04F79EFBC}") = "PluginBase", "PluginBase\PluginBase.csproj", "{AE241356-A390-4B24-AD12-B3EB56EE5A47}"
EndProject
Project("{FAE04EC0-301F-11D3-BF4B-00C04F79EFBC}") = "TRT7Plugin", "TRT7Plugin\TRT7Plugin.csproj", "{BFFD06BF-CC80-4C07-A626-E8F0AF0F958E}"
EndProject
Project("{FAE04EC0-301F-11D3-BF4B-00C04F79EFBC}") = "TRT8Plugin", "TRT8Plugin\TRT8Plugin.csproj", "{C21ED07E-76E8-4213-98BF-E3245526D0D2}"
EndProject
Global
	GlobalSection(SolutionConfigurationPlatforms) = preSolution
		Debug|Any CPU = Debug|Any CPU
		Debug|x64 = Debug|x64
		Debug|x86 = Debug|x86
		Release|Any CPU = Release|Any CPU
		Release|x64 = Release|x64
		Release|x86 = Release|x86
	EndGlobalSection
	GlobalSection(SolutionProperties) = preSolution
		HideSolutionNode = FALSE
	EndGlobalSection
	GlobalSection(ProjectConfigurationPlatforms) = postSolution
		{8A77AE55-EE64-466D-8EB4-7678335B3E8F}.Debug|Any CPU.ActiveCfg = Debug|Any CPU
		{8A77AE55-EE64-466D-8EB4-7678335B3E8F}.Debug|Any CPU.Build.0 = Debug|Any CPU
		{8A77AE55-EE64-466D-8EB4-7678335B3E8F}.Debug|x64.ActiveCfg = Debug|Any CPU
		{8A77AE55-EE64-466D-8EB4-7678335B3E8F}.Debug|x64.Build.0 = Debug|Any CPU
		{8A77AE55-EE64-466D-8EB4-7678335B3E8F}.Debug|x86.ActiveCfg = Debug|Any CPU
		{8A77AE55-EE64-466D-8EB4-7678335B3E8F}.Debug|x86.Build.0 = Debug|Any CPU
		{8A77AE55-EE64-466D-8EB4-7678335B3E8F}.Release|Any CPU.ActiveCfg = Release|Any CPU
		{8A77AE55-EE64-466D-8EB4-7678335B3E8F}.Release|Any CPU.Build.0 = Release|Any CPU
		{8A77AE55-EE64-466D-8EB4-7678335B3E8F}.Release|x64.ActiveCfg = Release|Any CPU
		{8A77AE55-EE64-466D-8EB4-7678335B3E8F}.Release|x64.Build.0 = Release|Any CPU
		{8A77AE55-EE64-466D-8EB4-7678335B3E8F}.Release|x86.ActiveCfg = Release|Any CPU
		{8A77AE55-EE64-466D-8EB4-7678335B3E8F}.Release|x86.Build.0 = Release|Any CPU
		{AE241356-A390-4B24-AD12-B3EB56EE5A47}.Debug|Any CPU.ActiveCfg = Debug|Any CPU
		{AE241356-A390-4B24-AD12-B3EB56EE5A47}.Debug|Any CPU.Build.0 = Debug|Any CPU
		{AE241356-A390-4B24-AD12-B3EB56EE5A47}.Debug|x64.ActiveCfg = Debug|Any CPU
		{AE241356-A390-4B24-AD12-B3EB56EE5A47}.Debug|x64.Build.0 = Debug|Any CPU
		{AE241356-A390-4B24-AD12-B3EB56EE5A47}.Debug|x86.ActiveCfg = Debug|Any CPU
		{AE241356-A390-4B24-AD12-B3EB56EE5A47}.Debug|x86.Build.0 = Debug|Any CPU
		{AE241356-A390-4B24-AD12-B3EB56EE5A47}.Release|Any CPU.ActiveCfg = Release|Any CPU
		{AE241356-A390-4B24-AD12-B3EB56EE5A47}.Release|Any CPU.Build.0 = Release|Any CPU
		{AE241356-A390-4B24-AD12-B3EB56EE5A47}.Release|x64.ActiveCfg = Release|Any CPU
		{AE241356-A390-4B24-AD12-B3EB56EE5A47}.Release|x64.Build.0 = Release|Any CPU
		{AE241356-A390-4B24-AD12-B3EB56EE5A47}.Release|x86.ActiveCfg = Release|Any CPU
		{AE241356-A390-4B24-AD12-B3EB56EE5A47}.Release|x86.Build.0 = Release|Any CPU
		{BFFD06BF-CC80-4C07-A626-E8F0AF0F958E}.Debug|Any CPU.ActiveCfg = Debug|Any CPU
		{BFFD06BF-CC80-4C07-A626-E8F0AF0F958E}.Debug|Any CPU.Build.0 = Debug|Any CPU
		{BFFD06BF-CC80-4C07-A626-E8F0AF0F958E}.Debug|x64.ActiveCfg = Debug|Any CPU
		{BFFD06BF-CC80-4C07-A626-E8F0AF0F958E}.Debug|x64.Build.0 = Debug|Any CPU
		{BFFD06BF-CC80-4C07-A626-E8F0AF0F958E}.Debug|x86.ActiveCfg = Debug|Any CPU
		{BFFD06BF-CC80-4C07-A626-E8F0AF0F958E}.Debug|x86.Build.0 = Debug|Any CPU
		{BFFD06BF-CC80-4C07-A626-E8F0AF0F958E}.Release|Any CPU.ActiveCfg = Release|Any CPU
		{BFFD06BF-CC80-4C07-A626-E8F0AF0F958E}.Release|Any CPU.Build.0 = Release|Any CPU
		{BFFD06BF-CC80-4C07-A626-E8F0AF0F958E}.Release|x64.ActiveCfg = Release|Any CPU
		{BFFD06BF-CC80-4C07-A626-E8F0AF0F958E}.Release|x64.Build.0 = Release|Any CPU
		{BFFD06BF-CC80-4C07-A626-E8F0AF0F958E}.Release|x86.ActiveCfg = Release|Any CPU
		{BFFD06BF-CC80-4C07-A626-E8F0AF0F958E}.Release|x86.Build.0 = Release|Any CPU
		{C21ED07E-76E8-4213-98BF-E3245526D0D2}.Debug|Any CPU.ActiveCfg = Debug|Any CPU
		{C21ED07E-76E8-4213-98BF-E3245526D0D2}.Debug|Any CPU.Build.0 = Debug|Any CPU
		{C21ED07E-76E8-4213-98BF-E3245526D0D2}.Debug|x64.ActiveCfg = Debug|Any CPU
		{C21ED07E-76E8-4213-98BF-E3245526D0D2}.Debug|x64.Build.0 = Debug|Any CPU
		{C21ED07E-76E8-4213-98BF-E3245526D0D2}.Debug|x86.ActiveCfg = Debug|Any CPU
		{C21ED07E-76E8-4213-98BF-E3245526D0D2}.Debug|x86.Build.0 = Debug|Any CPU
		{C21ED07E-76E8-4213-98BF-E3245526D0D2}.Release|Any CPU.ActiveCfg = Release|Any CPU
		{C21ED07E-76E8-4213-98BF-E3245526D0D2}.Release|Any CPU.Build.0 = Release|Any CPU
		{C21ED07E-76E8-4213-98BF-E3245526D0D2}.Release|x64.ActiveCfg = Release|Any CPU
		{C21ED07E-76E8-4213-98BF-E3245526D0D2}.Release|x64.Build.0 = Release|Any CPU
		{C21ED07E-76E8-4213-98BF-E3245526D0D2}.Release|x86.ActiveCfg = Release|Any CPU
		{C21ED07E-76E8-4213-98BF-E3245526D0D2}.Release|x86.Build.0 = Release|Any CPU
	EndGlobalSection
EndGlobal
